
Microsoft Visual Studio Solution File, Format Version 12.00
# Visual Studio Version 17
VisualStudioVersion = 17.0.32014.148
MinimumVisualStudioVersion = 10.0.40219.1
Project("{2150E333-8FDC-42A3-9474-1A3956D46DE8}") = "src", "src", "{93E78984-B2A3-47CE-BF69-26FDEFDA618E}"
EndProject
Project("{2150E333-8FDC-42A3-9474-1A3956D46DE8}") = "test", "test", "{D075C1D1-9C19-4E9C-83CB-E1FF21E2DC67}"
EndProject
Project("{9A19103F-16F7-4668-BE54-9A1E7A4F7556}") = "Mediscreen.Core", "src\Mediscreen.Core\Mediscreen.Core.csproj", "{6E204451-09AA-48DF-80D0-3F9901EE6B3C}"
EndProject
Project("{9A19103F-16F7-4668-BE54-9A1E7A4F7556}") = "Mediscreen.Core.Test", "test\Mediscreen.Core.Test\Mediscreen.Core.Test.csproj", "{C3AF22AD-11F4-468B-A4B4-2FF2670B65E2}"
EndProject
Project("{9A19103F-16F7-4668-BE54-9A1E7A4F7556}") = "Mediscreen.WebApp", "src\Mediscreen.WebApp\Mediscreen.WebApp.csproj", "{49B10B66-C6DE-4426-BD92-A2D975E393B3}"
EndProject
Project("{9A19103F-16F7-4668-BE54-9A1E7A4F7556}") = "Mediscreen.Data", "src\Mediscreen.Data\Mediscreen.Data.csproj", "{52671AAF-C26D-4C5D-B1B3-7666039D809A}"
EndProject
Project("{9A19103F-16F7-4668-BE54-9A1E7A4F7556}") = "Mediscreen.WebApi", "src\Mediscreen.WebApi\Mediscreen.WebApi.csproj", "{D9B16833-55DE-47CC-8412-64EE136A0EC3}"
EndProject
Project("{9A19103F-16F7-4668-BE54-9A1E7A4F7556}") = "Mediscreen.WebApp.Test", "test\Mediscreen.WebApp.Test\Mediscreen.WebApp.Test.csproj", "{764C3683-458B-41AB-8D7A-2C25686A4827}"
EndProject
Project("{9A19103F-16F7-4668-BE54-9A1E7A4F7556}") = "Mediscreen.WebApi.Test", "test\Mediscreen.WebApi.Test\Mediscreen.WebApi.Test.csproj", "{6E94E5C9-B3A1-4114-A112-B06ADF09CF90}"
EndProject
Project("{9A19103F-16F7-4668-BE54-9A1E7A4F7556}") = "Mediscreen.Data.Test", "test\Mediscreen.Data.Test\Mediscreen.Data.Test.csproj", "{FC2E4AC0-20FA-4CD6-B0D7-E3CD1F7831D4}"
EndProject
Project("{9A19103F-16F7-4668-BE54-9A1E7A4F7556}") = "ThoughtHaven.TestHelpers", "test\ThoughtHaven.TestHelpers\ThoughtHaven.TestHelpers.csproj", "{7D2623CD-C9EE-4F5F-8A84-AE1C8887B82C}"
EndProject
Project("{9A19103F-16F7-4668-BE54-9A1E7A4F7556}") = "Mediscreen.WebApi.Client", "src\Mediscreen.WebApi.Client\Mediscreen.WebApi.Client.csproj", "{F0773F5B-3A1A-4F6B-BFCF-D0A4DCE6066F}"
EndProject
Project("{FAE04EC0-301F-11D3-BF4B-00C04F79EFBC}") = "Mediscreen.WebApi.Client.Test", "test\Mediscreen.WebApi.Client.Test\Mediscreen.WebApi.Client.Test.csproj", "{8145CEC0-C953-4E19-BAFA-801EAAA41A4F}"
EndProject
Global
	GlobalSection(SolutionConfigurationPlatforms) = preSolution
		Debug|Any CPU = Debug|Any CPU
		Release|Any CPU = Release|Any CPU
	EndGlobalSection
	GlobalSection(ProjectConfigurationPlatforms) = postSolution
		{6E204451-09AA-48DF-80D0-3F9901EE6B3C}.Debug|Any CPU.ActiveCfg = Debug|Any CPU
		{6E204451-09AA-48DF-80D0-3F9901EE6B3C}.Debug|Any CPU.Build.0 = Debug|Any CPU
		{6E204451-09AA-48DF-80D0-3F9901EE6B3C}.Release|Any CPU.ActiveCfg = Release|Any CPU
		{6E204451-09AA-48DF-80D0-3F9901EE6B3C}.Release|Any CPU.Build.0 = Release|Any CPU
		{C3AF22AD-11F4-468B-A4B4-2FF2670B65E2}.Debug|Any CPU.ActiveCfg = Debug|Any CPU
		{C3AF22AD-11F4-468B-A4B4-2FF2670B65E2}.Debug|Any CPU.Build.0 = Debug|Any CPU
		{C3AF22AD-11F4-468B-A4B4-2FF2670B65E2}.Release|Any CPU.ActiveCfg = Release|Any CPU
		{C3AF22AD-11F4-468B-A4B4-2FF2670B65E2}.Release|Any CPU.Build.0 = Release|Any CPU
		{49B10B66-C6DE-4426-BD92-A2D975E393B3}.Debug|Any CPU.ActiveCfg = Debug|Any CPU
		{49B10B66-C6DE-4426-BD92-A2D975E393B3}.Debug|Any CPU.Build.0 = Debug|Any CPU
		{49B10B66-C6DE-4426-BD92-A2D975E393B3}.Release|Any CPU.ActiveCfg = Release|Any CPU
		{49B10B66-C6DE-4426-BD92-A2D975E393B3}.Release|Any CPU.Build.0 = Release|Any CPU
		{52671AAF-C26D-4C5D-B1B3-7666039D809A}.Debug|Any CPU.ActiveCfg = Debug|Any CPU
		{52671AAF-C26D-4C5D-B1B3-7666039D809A}.Debug|Any CPU.Build.0 = Debug|Any CPU
		{52671AAF-C26D-4C5D-B1B3-7666039D809A}.Release|Any CPU.ActiveCfg = Release|Any CPU
		{52671AAF-C26D-4C5D-B1B3-7666039D809A}.Release|Any CPU.Build.0 = Release|Any CPU
		{D9B16833-55DE-47CC-8412-64EE136A0EC3}.Debug|Any CPU.ActiveCfg = Debug|Any CPU
		{D9B16833-55DE-47CC-8412-64EE136A0EC3}.Debug|Any CPU.Build.0 = Debug|Any CPU
		{D9B16833-55DE-47CC-8412-64EE136A0EC3}.Release|Any CPU.ActiveCfg = Release|Any CPU
		{D9B16833-55DE-47CC-8412-64EE136A0EC3}.Release|Any CPU.Build.0 = Release|Any CPU
		{764C3683-458B-41AB-8D7A-2C25686A4827}.Debug|Any CPU.ActiveCfg = Debug|Any CPU
		{764C3683-458B-41AB-8D7A-2C25686A4827}.Debug|Any CPU.Build.0 = Debug|Any CPU
		{764C3683-458B-41AB-8D7A-2C25686A4827}.Release|Any CPU.ActiveCfg = Release|Any CPU
		{764C3683-458B-41AB-8D7A-2C25686A4827}.Release|Any CPU.Build.0 = Release|Any CPU
		{6E94E5C9-B3A1-4114-A112-B06ADF09CF90}.Debug|Any CPU.ActiveCfg = Debug|Any CPU
		{6E94E5C9-B3A1-4114-A112-B06ADF09CF90}.Debug|Any CPU.Build.0 = Debug|Any CPU
		{6E94E5C9-B3A1-4114-A112-B06ADF09CF90}.Release|Any CPU.ActiveCfg = Release|Any CPU
		{6E94E5C9-B3A1-4114-A112-B06ADF09CF90}.Release|Any CPU.Build.0 = Release|Any CPU
		{FC2E4AC0-20FA-4CD6-B0D7-E3CD1F7831D4}.Debug|Any CPU.ActiveCfg = Debug|Any CPU
		{FC2E4AC0-20FA-4CD6-B0D7-E3CD1F7831D4}.Debug|Any CPU.Build.0 = Debug|Any CPU
		{FC2E4AC0-20FA-4CD6-B0D7-E3CD1F7831D4}.Release|Any CPU.ActiveCfg = Release|Any CPU
		{FC2E4AC0-20FA-4CD6-B0D7-E3CD1F7831D4}.Release|Any CPU.Build.0 = Release|Any CPU
		{7D2623CD-C9EE-4F5F-8A84-AE1C8887B82C}.Debug|Any CPU.ActiveCfg = Debug|Any CPU
		{7D2623CD-C9EE-4F5F-8A84-AE1C8887B82C}.Debug|Any CPU.Build.0 = Debug|Any CPU
		{7D2623CD-C9EE-4F5F-8A84-AE1C8887B82C}.Release|Any CPU.ActiveCfg = Release|Any CPU
		{7D2623CD-C9EE-4F5F-8A84-AE1C8887B82C}.Release|Any CPU.Build.0 = Release|Any CPU
		{F0773F5B-3A1A-4F6B-BFCF-D0A4DCE6066F}.Debug|Any CPU.ActiveCfg = Debug|Any CPU
		{F0773F5B-3A1A-4F6B-BFCF-D0A4DCE6066F}.Debug|Any CPU.Build.0 = Debug|Any CPU
		{F0773F5B-3A1A-4F6B-BFCF-D0A4DCE6066F}.Release|Any CPU.ActiveCfg = Release|Any CPU
		{F0773F5B-3A1A-4F6B-BFCF-D0A4DCE6066F}.Release|Any CPU.Build.0 = Release|Any CPU
		{8145CEC0-C953-4E19-BAFA-801EAAA41A4F}.Debug|Any CPU.ActiveCfg = Debug|Any CPU
		{8145CEC0-C953-4E19-BAFA-801EAAA41A4F}.Debug|Any CPU.Build.0 = Debug|Any CPU
		{8145CEC0-C953-4E19-BAFA-801EAAA41A4F}.Release|Any CPU.ActiveCfg = Release|Any CPU
		{8145CEC0-C953-4E19-BAFA-801EAAA41A4F}.Release|Any CPU.Build.0 = Release|Any CPU
	EndGlobalSection
	GlobalSection(SolutionProperties) = preSolution
		HideSolutionNode = FALSE
	EndGlobalSection
	GlobalSection(NestedProjects) = preSolution
		{6E204451-09AA-48DF-80D0-3F9901EE6B3C} = {93E78984-B2A3-47CE-BF69-26FDEFDA618E}
		{C3AF22AD-11F4-468B-A4B4-2FF2670B65E2} = {D075C1D1-9C19-4E9C-83CB-E1FF21E2DC67}
		{49B10B66-C6DE-4426-BD92-A2D975E393B3} = {93E78984-B2A3-47CE-BF69-26FDEFDA618E}
		{52671AAF-C26D-4C5D-B1B3-7666039D809A} = {93E78984-B2A3-47CE-BF69-26FDEFDA618E}
		{D9B16833-55DE-47CC-8412-64EE136A0EC3} = {93E78984-B2A3-47CE-BF69-26FDEFDA618E}
		{764C3683-458B-41AB-8D7A-2C25686A4827} = {D075C1D1-9C19-4E9C-83CB-E1FF21E2DC67}
		{6E94E5C9-B3A1-4114-A112-B06ADF09CF90} = {D075C1D1-9C19-4E9C-83CB-E1FF21E2DC67}
		{FC2E4AC0-20FA-4CD6-B0D7-E3CD1F7831D4} = {D075C1D1-9C19-4E9C-83CB-E1FF21E2DC67}
		{7D2623CD-C9EE-4F5F-8A84-AE1C8887B82C} = {D075C1D1-9C19-4E9C-83CB-E1FF21E2DC67}
		{F0773F5B-3A1A-4F6B-BFCF-D0A4DCE6066F} = {93E78984-B2A3-47CE-BF69-26FDEFDA618E}
		{8145CEC0-C953-4E19-BAFA-801EAAA41A4F} = {D075C1D1-9C19-4E9C-83CB-E1FF21E2DC67}
	EndGlobalSection
	GlobalSection(ExtensibilityGlobals) = postSolution
		SolutionGuid = {A88C93F7-82C2-4E11-BCCA-47CB8988CCB2}
	EndGlobalSection
EndGlobal
