
Microsoft Visual Studio Solution File, Format Version 12.00
# Visual Studio Version 17
VisualStudioVersion = 17.0.32014.148
MinimumVisualStudioVersion = 10.0.40219.1
Project("{2150E333-8FDC-42A3-9474-1A3956D46DE8}") = "src", "src", "{93E78984-B2A3-47CE-BF69-26FDEFDA618E}"
EndProject
Project("{2150E333-8FDC-42A3-9474-1A3956D46DE8}") = "test", "test", "{D075C1D1-9C19-4E9C-83CB-E1FF21E2DC67}"
EndProject
Project("{9A19103F-16F7-4668-BE54-9A1E7A4F7556}") = "Mediscreen.Core", "src\Mediscreen.Core\Mediscreen.Core.csproj", "{6E204451-09AA-48DF-80D0-3F9901EE6B3C}"
EndProject
Project("{9A19103F-16F7-4668-BE54-9A1E7A4F7556}") = "Mediscreen.Core.Test", "test\Mediscreen.Core.Test\Mediscreen.Core.Test.csproj", "{C3AF22AD-11F4-468B-A4B4-2FF2670B65E2}"
EndProject
Project("{9A19103F-16F7-4668-BE54-9A1E7A4F7556}") = "Mediscreen.WebApp", "src\Mediscreen.WebApp\Mediscreen.WebApp.csproj", "{49B10B66-C6DE-4426-BD92-A2D975E393B3}"
EndProject
Project("{9A19103F-16F7-4668-BE54-9A1E7A4F7556}") = "Mediscreen.WebApp.Test", "test\Mediscreen.WebApp.Test\Mediscreen.WebApp.Test.csproj", "{764C3683-458B-41AB-8D7A-2C25686A4827}"
EndProject
Project("{9A19103F-16F7-4668-BE54-9A1E7A4F7556}") = "ThoughtHaven.TestHelpers", "test\ThoughtHaven.TestHelpers\ThoughtHaven.TestHelpers.csproj", "{7D2623CD-C9EE-4F5F-8A84-AE1C8887B82C}"
EndProject
Project("{2150E333-8FDC-42A3-9474-1A3956D46DE8}") = "Demographics", "Demographics", "{CBA1C41C-80C6-4466-AB6F-E96A396DED75}"
EndProject
Project("{2150E333-8FDC-42A3-9474-1A3956D46DE8}") = "Demographics", "Demographics", "{D8CEB9C2-F266-4A2F-BD00-0BDF700A73BF}"
EndProject
Project("{9A19103F-16F7-4668-BE54-9A1E7A4F7556}") = "Mediscreen.Demographics.Data", "src\Mediscreen.Demographics.Data\Mediscreen.Demographics.Data.csproj", "{9635F331-8DCB-4158-8E72-1DD07079145C}"
EndProject
Project("{9A19103F-16F7-4668-BE54-9A1E7A4F7556}") = "Mediscreen.Demographics.Data.Test", "test\Mediscreen.Demographics.Data.Test\Mediscreen.Demographics.Data.Test.csproj", "{017134D5-2F66-44E7-806A-3F18CEEB4740}"
EndProject
Project("{9A19103F-16F7-4668-BE54-9A1E7A4F7556}") = "Mediscreen.Demographics.WebApi", "src\Mediscreen.Demographics.WebApi\Mediscreen.Demographics.WebApi.csproj", "{6A95F777-A864-4232-9006-347EE7F1792A}"
EndProject
Project("{9A19103F-16F7-4668-BE54-9A1E7A4F7556}") = "Mediscreen.Demographics.WebApi.Test", "test\Mediscreen.Demographics.WebApi.Test\Mediscreen.Demographics.WebApi.Test.csproj", "{466B4639-FE03-42E6-9CEC-B6C66BB1599E}"
EndProject
Project("{9A19103F-16F7-4668-BE54-9A1E7A4F7556}") = "Mediscreen.Demographics.WebApi.Client", "src\Mediscreen.Demographics.WebApi.Client\Mediscreen.Demographics.WebApi.Client.csproj", "{C2C5E061-E0EF-48C4-BA92-08DDA4B1A61E}"
EndProject
Project("{9A19103F-16F7-4668-BE54-9A1E7A4F7556}") = "Mediscreen.Demographics.WebApi.Client.Test", "test\Mediscreen.Demographics.WebApi.Client.Test\Mediscreen.Demographics.WebApi.Client.Test.csproj", "{D08777FC-C954-4C69-8BAD-C3BC4F6F5178}"
EndProject
Project("{2150E333-8FDC-42A3-9474-1A3956D46DE8}") = "History", "History", "{AA39F3A7-C360-4F9A-9D45-EFC5AB739D85}"
EndProject
Project("{2150E333-8FDC-42A3-9474-1A3956D46DE8}") = "History", "History", "{81F2D605-1DE3-4BDA-ACCC-C3B4C63F68C9}"
EndProject
Project("{9A19103F-16F7-4668-BE54-9A1E7A4F7556}") = "Mediscreen.History.Data", "src\Mediscreen.History.Data\Mediscreen.History.Data.csproj", "{8A126CEE-E240-44AF-9444-C68C655882CA}"
EndProject
Project("{9A19103F-16F7-4668-BE54-9A1E7A4F7556}") = "Mediscreen.History.Data.Test", "test\Mediscreen.History.Data.Test\Mediscreen.History.Data.Test.csproj", "{2D1EC606-8702-4FEE-A604-4130BBF86A43}"
EndProject
Project("{9A19103F-16F7-4668-BE54-9A1E7A4F7556}") = "Mediscreen.History.WebApi", "src\Mediscreen.History.WebApi\Mediscreen.History.WebApi.csproj", "{64F193B7-CDEC-4433-A418-59857510D8D2}"
EndProject
Project("{9A19103F-16F7-4668-BE54-9A1E7A4F7556}") = "Mediscreen.History.WebApi.Test", "test\Mediscreen.History.WebApi.Test\Mediscreen.History.WebApi.Test.csproj", "{80F6CFDD-EFEB-4BBD-9416-E8C62E06495F}"
EndProject
Project("{9A19103F-16F7-4668-BE54-9A1E7A4F7556}") = "Mediscreen.History.WebApi.Client", "src\Mediscreen.History.WebApi.Client\Mediscreen.History.WebApi.Client.csproj", "{E3C74CD8-7C4F-4DD2-8B39-8993BB704CEE}"
EndProject
Project("{9A19103F-16F7-4668-BE54-9A1E7A4F7556}") = "Mediscreen.History.WebApi.Client.Test", "test\Mediscreen.History.WebApi.Client.Test\Mediscreen.History.WebApi.Client.Test.csproj", "{7F61AEB2-3372-4D32-B366-18FDB347841E}"
EndProject
Project("{2150E333-8FDC-42A3-9474-1A3956D46DE8}") = "DiabetesAssessment", "DiabetesAssessment", "{B5C72662-73C4-4B3C-9018-EECCC053BFC8}"
EndProject
Project("{2150E333-8FDC-42A3-9474-1A3956D46DE8}") = "DiabetesAssessment", "DiabetesAssessment", "{F98BDD83-E5F3-43AA-BF59-7138B18C2294}"
EndProject
Project("{FAE04EC0-301F-11D3-BF4B-00C04F79EFBC}") = "Mediscreen.DiabetesAssessment.Data", "src\Mediscreen.DiabetesAssessment.Data\Mediscreen.DiabetesAssessment.Data.csproj", "{7FD5B435-E874-476C-92DF-AA6A01DF9AF3}"
EndProject
Global
	GlobalSection(SolutionConfigurationPlatforms) = preSolution
		Debug|Any CPU = Debug|Any CPU
		Release|Any CPU = Release|Any CPU
	EndGlobalSection
	GlobalSection(ProjectConfigurationPlatforms) = postSolution
		{6E204451-09AA-48DF-80D0-3F9901EE6B3C}.Debug|Any CPU.ActiveCfg = Debug|Any CPU
		{6E204451-09AA-48DF-80D0-3F9901EE6B3C}.Debug|Any CPU.Build.0 = Debug|Any CPU
		{6E204451-09AA-48DF-80D0-3F9901EE6B3C}.Release|Any CPU.ActiveCfg = Release|Any CPU
		{6E204451-09AA-48DF-80D0-3F9901EE6B3C}.Release|Any CPU.Build.0 = Release|Any CPU
		{C3AF22AD-11F4-468B-A4B4-2FF2670B65E2}.Debug|Any CPU.ActiveCfg = Debug|Any CPU
		{C3AF22AD-11F4-468B-A4B4-2FF2670B65E2}.Debug|Any CPU.Build.0 = Debug|Any CPU
		{C3AF22AD-11F4-468B-A4B4-2FF2670B65E2}.Release|Any CPU.ActiveCfg = Release|Any CPU
		{C3AF22AD-11F4-468B-A4B4-2FF2670B65E2}.Release|Any CPU.Build.0 = Release|Any CPU
		{49B10B66-C6DE-4426-BD92-A2D975E393B3}.Debug|Any CPU.ActiveCfg = Debug|Any CPU
		{49B10B66-C6DE-4426-BD92-A2D975E393B3}.Debug|Any CPU.Build.0 = Debug|Any CPU
		{49B10B66-C6DE-4426-BD92-A2D975E393B3}.Release|Any CPU.ActiveCfg = Release|Any CPU
		{49B10B66-C6DE-4426-BD92-A2D975E393B3}.Release|Any CPU.Build.0 = Release|Any CPU
		{764C3683-458B-41AB-8D7A-2C25686A4827}.Debug|Any CPU.ActiveCfg = Debug|Any CPU
		{764C3683-458B-41AB-8D7A-2C25686A4827}.Debug|Any CPU.Build.0 = Debug|Any CPU
		{764C3683-458B-41AB-8D7A-2C25686A4827}.Release|Any CPU.ActiveCfg = Release|Any CPU
		{764C3683-458B-41AB-8D7A-2C25686A4827}.Release|Any CPU.Build.0 = Release|Any CPU
		{7D2623CD-C9EE-4F5F-8A84-AE1C8887B82C}.Debug|Any CPU.ActiveCfg = Debug|Any CPU
		{7D2623CD-C9EE-4F5F-8A84-AE1C8887B82C}.Debug|Any CPU.Build.0 = Debug|Any CPU
		{7D2623CD-C9EE-4F5F-8A84-AE1C8887B82C}.Release|Any CPU.ActiveCfg = Release|Any CPU
		{7D2623CD-C9EE-4F5F-8A84-AE1C8887B82C}.Release|Any CPU.Build.0 = Release|Any CPU
		{9635F331-8DCB-4158-8E72-1DD07079145C}.Debug|Any CPU.ActiveCfg = Debug|Any CPU
		{9635F331-8DCB-4158-8E72-1DD07079145C}.Debug|Any CPU.Build.0 = Debug|Any CPU
		{9635F331-8DCB-4158-8E72-1DD07079145C}.Release|Any CPU.ActiveCfg = Release|Any CPU
		{9635F331-8DCB-4158-8E72-1DD07079145C}.Release|Any CPU.Build.0 = Release|Any CPU
		{017134D5-2F66-44E7-806A-3F18CEEB4740}.Debug|Any CPU.ActiveCfg = Debug|Any CPU
		{017134D5-2F66-44E7-806A-3F18CEEB4740}.Debug|Any CPU.Build.0 = Debug|Any CPU
		{017134D5-2F66-44E7-806A-3F18CEEB4740}.Release|Any CPU.ActiveCfg = Release|Any CPU
		{017134D5-2F66-44E7-806A-3F18CEEB4740}.Release|Any CPU.Build.0 = Release|Any CPU
		{6A95F777-A864-4232-9006-347EE7F1792A}.Debug|Any CPU.ActiveCfg = Debug|Any CPU
		{6A95F777-A864-4232-9006-347EE7F1792A}.Debug|Any CPU.Build.0 = Debug|Any CPU
		{6A95F777-A864-4232-9006-347EE7F1792A}.Release|Any CPU.ActiveCfg = Release|Any CPU
		{6A95F777-A864-4232-9006-347EE7F1792A}.Release|Any CPU.Build.0 = Release|Any CPU
		{466B4639-FE03-42E6-9CEC-B6C66BB1599E}.Debug|Any CPU.ActiveCfg = Debug|Any CPU
		{466B4639-FE03-42E6-9CEC-B6C66BB1599E}.Debug|Any CPU.Build.0 = Debug|Any CPU
		{466B4639-FE03-42E6-9CEC-B6C66BB1599E}.Release|Any CPU.ActiveCfg = Release|Any CPU
		{466B4639-FE03-42E6-9CEC-B6C66BB1599E}.Release|Any CPU.Build.0 = Release|Any CPU
		{C2C5E061-E0EF-48C4-BA92-08DDA4B1A61E}.Debug|Any CPU.ActiveCfg = Debug|Any CPU
		{C2C5E061-E0EF-48C4-BA92-08DDA4B1A61E}.Debug|Any CPU.Build.0 = Debug|Any CPU
		{C2C5E061-E0EF-48C4-BA92-08DDA4B1A61E}.Release|Any CPU.ActiveCfg = Release|Any CPU
		{C2C5E061-E0EF-48C4-BA92-08DDA4B1A61E}.Release|Any CPU.Build.0 = Release|Any CPU
		{D08777FC-C954-4C69-8BAD-C3BC4F6F5178}.Debug|Any CPU.ActiveCfg = Debug|Any CPU
		{D08777FC-C954-4C69-8BAD-C3BC4F6F5178}.Debug|Any CPU.Build.0 = Debug|Any CPU
		{D08777FC-C954-4C69-8BAD-C3BC4F6F5178}.Release|Any CPU.ActiveCfg = Release|Any CPU
		{D08777FC-C954-4C69-8BAD-C3BC4F6F5178}.Release|Any CPU.Build.0 = Release|Any CPU
		{8A126CEE-E240-44AF-9444-C68C655882CA}.Debug|Any CPU.ActiveCfg = Debug|Any CPU
		{8A126CEE-E240-44AF-9444-C68C655882CA}.Debug|Any CPU.Build.0 = Debug|Any CPU
		{8A126CEE-E240-44AF-9444-C68C655882CA}.Release|Any CPU.ActiveCfg = Release|Any CPU
		{8A126CEE-E240-44AF-9444-C68C655882CA}.Release|Any CPU.Build.0 = Release|Any CPU
		{2D1EC606-8702-4FEE-A604-4130BBF86A43}.Debug|Any CPU.ActiveCfg = Debug|Any CPU
		{2D1EC606-8702-4FEE-A604-4130BBF86A43}.Debug|Any CPU.Build.0 = Debug|Any CPU
		{2D1EC606-8702-4FEE-A604-4130BBF86A43}.Release|Any CPU.ActiveCfg = Release|Any CPU
		{2D1EC606-8702-4FEE-A604-4130BBF86A43}.Release|Any CPU.Build.0 = Release|Any CPU
		{64F193B7-CDEC-4433-A418-59857510D8D2}.Debug|Any CPU.ActiveCfg = Debug|Any CPU
		{64F193B7-CDEC-4433-A418-59857510D8D2}.Debug|Any CPU.Build.0 = Debug|Any CPU
		{64F193B7-CDEC-4433-A418-59857510D8D2}.Release|Any CPU.ActiveCfg = Release|Any CPU
		{64F193B7-CDEC-4433-A418-59857510D8D2}.Release|Any CPU.Build.0 = Release|Any CPU
		{80F6CFDD-EFEB-4BBD-9416-E8C62E06495F}.Debug|Any CPU.ActiveCfg = Debug|Any CPU
		{80F6CFDD-EFEB-4BBD-9416-E8C62E06495F}.Debug|Any CPU.Build.0 = Debug|Any CPU
		{80F6CFDD-EFEB-4BBD-9416-E8C62E06495F}.Release|Any CPU.ActiveCfg = Release|Any CPU
		{80F6CFDD-EFEB-4BBD-9416-E8C62E06495F}.Release|Any CPU.Build.0 = Release|Any CPU
		{E3C74CD8-7C4F-4DD2-8B39-8993BB704CEE}.Debug|Any CPU.ActiveCfg = Debug|Any CPU
		{E3C74CD8-7C4F-4DD2-8B39-8993BB704CEE}.Debug|Any CPU.Build.0 = Debug|Any CPU
		{E3C74CD8-7C4F-4DD2-8B39-8993BB704CEE}.Release|Any CPU.ActiveCfg = Release|Any CPU
		{E3C74CD8-7C4F-4DD2-8B39-8993BB704CEE}.Release|Any CPU.Build.0 = Release|Any CPU
		{7F61AEB2-3372-4D32-B366-18FDB347841E}.Debug|Any CPU.ActiveCfg = Debug|Any CPU
		{7F61AEB2-3372-4D32-B366-18FDB347841E}.Debug|Any CPU.Build.0 = Debug|Any CPU
		{7F61AEB2-3372-4D32-B366-18FDB347841E}.Release|Any CPU.ActiveCfg = Release|Any CPU
		{7F61AEB2-3372-4D32-B366-18FDB347841E}.Release|Any CPU.Build.0 = Release|Any CPU
		{7FD5B435-E874-476C-92DF-AA6A01DF9AF3}.Debug|Any CPU.ActiveCfg = Debug|Any CPU
		{7FD5B435-E874-476C-92DF-AA6A01DF9AF3}.Debug|Any CPU.Build.0 = Debug|Any CPU
		{7FD5B435-E874-476C-92DF-AA6A01DF9AF3}.Release|Any CPU.ActiveCfg = Release|Any CPU
		{7FD5B435-E874-476C-92DF-AA6A01DF9AF3}.Release|Any CPU.Build.0 = Release|Any CPU
	EndGlobalSection
	GlobalSection(SolutionProperties) = preSolution
		HideSolutionNode = FALSE
	EndGlobalSection
	GlobalSection(NestedProjects) = preSolution
		{6E204451-09AA-48DF-80D0-3F9901EE6B3C} = {93E78984-B2A3-47CE-BF69-26FDEFDA618E}
		{C3AF22AD-11F4-468B-A4B4-2FF2670B65E2} = {D075C1D1-9C19-4E9C-83CB-E1FF21E2DC67}
		{49B10B66-C6DE-4426-BD92-A2D975E393B3} = {93E78984-B2A3-47CE-BF69-26FDEFDA618E}
		{764C3683-458B-41AB-8D7A-2C25686A4827} = {D075C1D1-9C19-4E9C-83CB-E1FF21E2DC67}
		{7D2623CD-C9EE-4F5F-8A84-AE1C8887B82C} = {D075C1D1-9C19-4E9C-83CB-E1FF21E2DC67}
		{CBA1C41C-80C6-4466-AB6F-E96A396DED75} = {93E78984-B2A3-47CE-BF69-26FDEFDA618E}
		{D8CEB9C2-F266-4A2F-BD00-0BDF700A73BF} = {D075C1D1-9C19-4E9C-83CB-E1FF21E2DC67}
		{9635F331-8DCB-4158-8E72-1DD07079145C} = {CBA1C41C-80C6-4466-AB6F-E96A396DED75}
		{017134D5-2F66-44E7-806A-3F18CEEB4740} = {D8CEB9C2-F266-4A2F-BD00-0BDF700A73BF}
		{6A95F777-A864-4232-9006-347EE7F1792A} = {CBA1C41C-80C6-4466-AB6F-E96A396DED75}
		{466B4639-FE03-42E6-9CEC-B6C66BB1599E} = {D8CEB9C2-F266-4A2F-BD00-0BDF700A73BF}
		{C2C5E061-E0EF-48C4-BA92-08DDA4B1A61E} = {CBA1C41C-80C6-4466-AB6F-E96A396DED75}
		{D08777FC-C954-4C69-8BAD-C3BC4F6F5178} = {D8CEB9C2-F266-4A2F-BD00-0BDF700A73BF}
		{AA39F3A7-C360-4F9A-9D45-EFC5AB739D85} = {93E78984-B2A3-47CE-BF69-26FDEFDA618E}
		{81F2D605-1DE3-4BDA-ACCC-C3B4C63F68C9} = {D075C1D1-9C19-4E9C-83CB-E1FF21E2DC67}
		{8A126CEE-E240-44AF-9444-C68C655882CA} = {AA39F3A7-C360-4F9A-9D45-EFC5AB739D85}
		{2D1EC606-8702-4FEE-A604-4130BBF86A43} = {81F2D605-1DE3-4BDA-ACCC-C3B4C63F68C9}
		{64F193B7-CDEC-4433-A418-59857510D8D2} = {AA39F3A7-C360-4F9A-9D45-EFC5AB739D85}
		{80F6CFDD-EFEB-4BBD-9416-E8C62E06495F} = {81F2D605-1DE3-4BDA-ACCC-C3B4C63F68C9}
		{E3C74CD8-7C4F-4DD2-8B39-8993BB704CEE} = {AA39F3A7-C360-4F9A-9D45-EFC5AB739D85}
		{7F61AEB2-3372-4D32-B366-18FDB347841E} = {81F2D605-1DE3-4BDA-ACCC-C3B4C63F68C9}
		{B5C72662-73C4-4B3C-9018-EECCC053BFC8} = {93E78984-B2A3-47CE-BF69-26FDEFDA618E}
		{F98BDD83-E5F3-43AA-BF59-7138B18C2294} = {D075C1D1-9C19-4E9C-83CB-E1FF21E2DC67}
		{7FD5B435-E874-476C-92DF-AA6A01DF9AF3} = {B5C72662-73C4-4B3C-9018-EECCC053BFC8}
	EndGlobalSection
	GlobalSection(ExtensibilityGlobals) = postSolution
		SolutionGuid = {A88C93F7-82C2-4E11-BCCA-47CB8988CCB2}
	EndGlobalSection
EndGlobal
